{
  "name": "blog",
  "version": "1.0.0",
  "lockfileVersion": 1,
  "requires": true,
  "dependencies": {
    "@vssue/api-github-v3": {
      "version": "1.1.2",
      "resolved": "https://registry.npm.taobao.org/@vssue/api-github-v3/download/@vssue/api-github-v3-1.1.2.tgz",
      "integrity": "sha1-JEZ6b2LqrikJHphhYLWKqFnYd/Q=",
      "requires": {
        "@vssue/utils": "^1.1.1",
        "axios": "^0.18.1"
      }
    },
    "@vssue/utils": {
      "version": "1.1.1",
      "resolved": "https://registry.npm.taobao.org/@vssue/utils/download/@vssue/utils-1.1.1.tgz",
      "integrity": "sha1-d+4u8l4CzklQWiGNc2rrwNQFBRk=",
      "requires": {
        "date-fns": "^1.29.0",
        "qs": "^6.6.0"
      }
    },
    "@vssue/vuepress-plugin-vssue": {
      "version": "1.2.2",
      "resolved": "https://registry.npm.taobao.org/@vssue/vuepress-plugin-vssue/download/@vssue/vuepress-plugin-vssue-1.2.2.tgz",
      "integrity": "sha1-OF0tMi9RWt/n92lV9fe2wNVGqSA=",
      "requires": {
        "vssue": "^1.2.2"
      }
    },
    "@vuepress/plugin-active-header-links": {
      "version": "1.2.0",
      "resolved": "https://registry.npm.taobao.org/@vuepress/plugin-active-header-links/download/@vuepress/plugin-active-header-links-1.2.0.tgz",
      "integrity": "sha1-RklcieUaleVxOb4Aff+8rksikmA=",
      "dev": true,
      "requires": {
        "lodash.debounce": "^4.0.8"
      }
    },
    "@vuepress/plugin-back-to-top": {
      "version": "1.2.0",
      "resolved": "https://registry.npm.taobao.org/@vuepress/plugin-back-to-top/download/@vuepress/plugin-back-to-top-1.2.0.tgz",
      "integrity": "sha1-9rsvVzF+lKawtoVHGfMIhIHywN0=",
      "dev": true,
      "requires": {
        "lodash.debounce": "^4.0.8"
      }
    },
    "@vuepress/plugin-nprogress": {
      "version": "1.2.0",
      "resolved": "https://registry.npm.taobao.org/@vuepress/plugin-nprogress/download/@vuepress/plugin-nprogress-1.2.0.tgz",
      "integrity": "sha1-/2FmlGoLEYo5pWKstXmDUpr85NI=",
      "dev": true,
      "requires": {
        "nprogress": "^0.2.0"
      }
    },
    "axios": {
      "version": "0.18.1",
      "resolved": "https://registry.npm.taobao.org/axios/download/axios-0.18.1.tgz",
      "integrity": "sha1-/z8N4ue10YDnV62YAA8Qgbh7zqM=",
      "requires": {
        "follow-redirects": "1.5.10",
        "is-buffer": "^2.0.2"
      }
    },
    "date-fns": {
      "version": "1.30.1",
      "resolved": "https://registry.npm.taobao.org/date-fns/download/date-fns-1.30.1.tgz",
      "integrity": "sha1-LnG/CxGRU9u0zE6I2epaz7UNwFw="
    },
    "debug": {
      "version": "3.1.0",
      "resolved": "http://registry.npm.taobao.org/debug/download/debug-3.1.0.tgz?cache=0&other_urls=http%3A%2F%2Fregistry.npm.taobao.org%2Fdebug%2Fdownload%2Fdebug-3.1.0.tgz",
      "integrity": "sha1-W7WgZyYotkFJVmuhaBnmFRjGcmE=",
      "requires": {
        "ms": "2.0.0"
      }
    },
    "follow-redirects": {
      "version": "1.5.10",
      "resolved": "https://registry.npm.taobao.org/follow-redirects/download/follow-redirects-1.5.10.tgz",
      "integrity": "sha1-e3qfmuov3/NnhqlP9kPtB/T/Xio=",
      "requires": {
        "debug": "=3.1.0"
      }
    },
    "github-markdown-css": {
      "version": "3.0.1",
      "resolved": "https://registry.npm.taobao.org/github-markdown-css/download/github-markdown-css-3.0.1.tgz",
      "integrity": "sha1-0I2xBg0uGCAl4NB9VHz+Kv7TAgU="
    },
    "is-buffer": {
      "version": "2.0.4",
      "resolved": "https://registry.npm.taobao.org/is-buffer/download/is-buffer-2.0.4.tgz",
      "integrity": "sha1-PlcvI8hBGlz9lVfISeNmXgspBiM="
    },
    "lodash.debounce": {
      "version": "4.0.8",
      "resolved": "http://registry.npm.taobao.org/lodash.debounce/download/lodash.debounce-4.0.8.tgz",
      "integrity": "sha1-gteb/zCmfEAF/9XiUVMArZyk168=",
      "dev": true
    },
    "ms": {
      "version": "2.0.0",
      "resolved": "https://registry.npm.taobao.org/ms/download/ms-2.0.0.tgz?cache=0&other_urls=https%3A%2F%2Fregistry.npm.taobao.org%2Fms%2Fdownload%2Fms-2.0.0.tgz",
      "integrity": "sha1-VgiurfwAvmwpAd9fmGF4jeDVl8g="
    },
    "nprogress": {
      "version": "0.2.0",
      "resolved": "https://registry.npm.taobao.org/nprogress/download/nprogress-0.2.0.tgz",
      "integrity": "sha1-y480xTIT2JVyP8urkH6UIq28r7E=",
      "dev": true
    },
    "qs": {
      "version": "6.9.1",
      "resolved": "https://registry.npm.taobao.org/qs/download/qs-6.9.1.tgz",
      "integrity": "sha1-IAgsZct4IjY1qxqerKiHWim/jsk="
    },
    "vssue": {
      "version": "1.2.2",
      "resolved": "https://registry.npm.taobao.org/vssue/download/vssue-1.2.2.tgz",
      "integrity": "sha1-ZvOJ5T7kVTi9LGnk4kWLk83JZyw=",
      "requires": {
        "@vssue/utils": "^1.1.1",
        "github-markdown-css": "^3.0.1",
        "vue": "^2.6.10",
        "vue-i18n": "^8.11.2",
        "vue-property-decorator": "^8.1.1"
      }
    },
    "vue": {
      "version": "2.6.10",
      "resolved": "http://registry.npm.taobao.org/vue/download/vue-2.6.10.tgz?cache=0&other_urls=http%3A%2F%2Fregistry.npm.taobao.org%2Fvue%2Fdownload%2Fvue-2.6.10.tgz",
      "integrity": "sha1-pysaQqTYKnIepDjRtr9V5mGVxjc="
    },
    "vue-class-component": {
      "version": "7.1.0",
      "resolved": "https://registry.npm.taobao.org/vue-class-component/download/vue-class-component-7.1.0.tgz",
      "integrity": "sha1-sz78sQ4XI21oT3Cx6W8ZRux5Poc="
    },
    "vue-i18n": {
      "version": "8.15.1",
      "resolved": "https://registry.npm.taobao.org/vue-i18n/download/vue-i18n-8.15.1.tgz?cache=0&sync_timestamp=1574846332347&other_urls=https%3A%2F%2Fregistry.npm.taobao.org%2Fvue-i18n%2Fdownload%2Fvue-i18n-8.15.1.tgz",
      "integrity": "sha1-kAl6CKHpMvZFxrnEBMeA0k9tYiQ="
    },
    "vue-property-decorator": {
      "version": "8.3.0",
      "resolved": "https://registry.npm.taobao.org/vue-property-decorator/download/vue-property-decorator-8.3.0.tgz",
      "integrity": "sha1-U28CfcfWJvN8jYWi3ALwpsuXlEA=",
      "requires": {
        "vue-class-component": "^7.1.0"
      }
    }
  }
}
